
Microsoft Visual Studio Solution File, Format Version 12.00
# Visual Studio Version 17
VisualStudioVersion = 17.0.31903.59
MinimumVisualStudioVersion = 10.0.40219.1
Project("{2150E333-8FDC-42A3-9474-1A3956D46DE8}") = "src", "src", "{827E0CD3-B72D-47B6-A68D-7590B98EB39B}"
EndProject
Project("{FAE04EC0-301F-11D3-BF4B-00C04F79EFBC}") = "Gestiones.Domain", "src\Gestiones.Domain\Gestiones.Domain.csproj", "{42589071-C9E4-47E4-B7E7-7B371DF797B1}"
EndProject
Project("{FAE04EC0-301F-11D3-BF4B-00C04F79EFBC}") = "Gestiones.Application", "src\Gestiones.Application\Gestiones.Application.csproj", "{4FAA43CF-8E18-4B1C-A242-0B7D046E6CBD}"
EndProject
Project("{FAE04EC0-301F-11D3-BF4B-00C04F79EFBC}") = "Gestiones.Infrastructure", "src\Gestiones.Infrastructure\Gestiones.Infrastructure.csproj", "{0FD521E2-BED0-453E-B9F4-E784DF773D85}"
EndProject
Project("{FAE04EC0-301F-11D3-BF4B-00C04F79EFBC}") = "Gestiones.Api", "src\Gestiones.Api\Gestiones.Api.csproj", "{962BC50D-280B-418B-AF5A-77CE3AC85A30}"
EndProject
Global
	GlobalSection(SolutionConfigurationPlatforms) = preSolution
		Debug|Any CPU = Debug|Any CPU
		Debug|x64 = Debug|x64
		Debug|x86 = Debug|x86
		Release|Any CPU = Release|Any CPU
		Release|x64 = Release|x64
		Release|x86 = Release|x86
	EndGlobalSection
	GlobalSection(ProjectConfigurationPlatforms) = postSolution
		{42589071-C9E4-47E4-B7E7-7B371DF797B1}.Debug|Any CPU.ActiveCfg = Debug|Any CPU
		{42589071-C9E4-47E4-B7E7-7B371DF797B1}.Debug|Any CPU.Build.0 = Debug|Any CPU
		{42589071-C9E4-47E4-B7E7-7B371DF797B1}.Debug|x64.ActiveCfg = Debug|Any CPU
		{42589071-C9E4-47E4-B7E7-7B371DF797B1}.Debug|x64.Build.0 = Debug|Any CPU
		{42589071-C9E4-47E4-B7E7-7B371DF797B1}.Debug|x86.ActiveCfg = Debug|Any CPU
		{42589071-C9E4-47E4-B7E7-7B371DF797B1}.Debug|x86.Build.0 = Debug|Any CPU
		{42589071-C9E4-47E4-B7E7-7B371DF797B1}.Release|Any CPU.ActiveCfg = Release|Any CPU
		{42589071-C9E4-47E4-B7E7-7B371DF797B1}.Release|Any CPU.Build.0 = Release|Any CPU
		{42589071-C9E4-47E4-B7E7-7B371DF797B1}.Release|x64.ActiveCfg = Release|Any CPU
		{42589071-C9E4-47E4-B7E7-7B371DF797B1}.Release|x64.Build.0 = Release|Any CPU
		{42589071-C9E4-47E4-B7E7-7B371DF797B1}.Release|x86.ActiveCfg = Release|Any CPU
		{42589071-C9E4-47E4-B7E7-7B371DF797B1}.Release|x86.Build.0 = Release|Any CPU
		{4FAA43CF-8E18-4B1C-A242-0B7D046E6CBD}.Debug|Any CPU.ActiveCfg = Debug|Any CPU
		{4FAA43CF-8E18-4B1C-A242-0B7D046E6CBD}.Debug|Any CPU.Build.0 = Debug|Any CPU
		{4FAA43CF-8E18-4B1C-A242-0B7D046E6CBD}.Debug|x64.ActiveCfg = Debug|Any CPU
		{4FAA43CF-8E18-4B1C-A242-0B7D046E6CBD}.Debug|x64.Build.0 = Debug|Any CPU
		{4FAA43CF-8E18-4B1C-A242-0B7D046E6CBD}.Debug|x86.ActiveCfg = Debug|Any CPU
		{4FAA43CF-8E18-4B1C-A242-0B7D046E6CBD}.Debug|x86.Build.0 = Debug|Any CPU
		{4FAA43CF-8E18-4B1C-A242-0B7D046E6CBD}.Release|Any CPU.ActiveCfg = Release|Any CPU
		{4FAA43CF-8E18-4B1C-A242-0B7D046E6CBD}.Release|Any CPU.Build.0 = Release|Any CPU
		{4FAA43CF-8E18-4B1C-A242-0B7D046E6CBD}.Release|x64.ActiveCfg = Release|Any CPU
		{4FAA43CF-8E18-4B1C-A242-0B7D046E6CBD}.Release|x64.Build.0 = Release|Any CPU
		{4FAA43CF-8E18-4B1C-A242-0B7D046E6CBD}.Release|x86.ActiveCfg = Release|Any CPU
		{4FAA43CF-8E18-4B1C-A242-0B7D046E6CBD}.Release|x86.Build.0 = Release|Any CPU
		{0FD521E2-BED0-453E-B9F4-E784DF773D85}.Debug|Any CPU.ActiveCfg = Debug|Any CPU
		{0FD521E2-BED0-453E-B9F4-E784DF773D85}.Debug|Any CPU.Build.0 = Debug|Any CPU
		{0FD521E2-BED0-453E-B9F4-E784DF773D85}.Debug|x64.ActiveCfg = Debug|Any CPU
		{0FD521E2-BED0-453E-B9F4-E784DF773D85}.Debug|x64.Build.0 = Debug|Any CPU
		{0FD521E2-BED0-453E-B9F4-E784DF773D85}.Debug|x86.ActiveCfg = Debug|Any CPU
		{0FD521E2-BED0-453E-B9F4-E784DF773D85}.Debug|x86.Build.0 = Debug|Any CPU
		{0FD521E2-BED0-453E-B9F4-E784DF773D85}.Release|Any CPU.ActiveCfg = Release|Any CPU
		{0FD521E2-BED0-453E-B9F4-E784DF773D85}.Release|Any CPU.Build.0 = Release|Any CPU
		{0FD521E2-BED0-453E-B9F4-E784DF773D85}.Release|x64.ActiveCfg = Release|Any CPU
		{0FD521E2-BED0-453E-B9F4-E784DF773D85}.Release|x64.Build.0 = Release|Any CPU
		{0FD521E2-BED0-453E-B9F4-E784DF773D85}.Release|x86.ActiveCfg = Release|Any CPU
		{0FD521E2-BED0-453E-B9F4-E784DF773D85}.Release|x86.Build.0 = Release|Any CPU
		{962BC50D-280B-418B-AF5A-77CE3AC85A30}.Debug|Any CPU.ActiveCfg = Debug|Any CPU
		{962BC50D-280B-418B-AF5A-77CE3AC85A30}.Debug|Any CPU.Build.0 = Debug|Any CPU
		{962BC50D-280B-418B-AF5A-77CE3AC85A30}.Debug|x64.ActiveCfg = Debug|Any CPU
		{962BC50D-280B-418B-AF5A-77CE3AC85A30}.Debug|x64.Build.0 = Debug|Any CPU
		{962BC50D-280B-418B-AF5A-77CE3AC85A30}.Debug|x86.ActiveCfg = Debug|Any CPU
		{962BC50D-280B-418B-AF5A-77CE3AC85A30}.Debug|x86.Build.0 = Debug|Any CPU
		{962BC50D-280B-418B-AF5A-77CE3AC85A30}.Release|Any CPU.ActiveCfg = Release|Any CPU
		{962BC50D-280B-418B-AF5A-77CE3AC85A30}.Release|Any CPU.Build.0 = Release|Any CPU
		{962BC50D-280B-418B-AF5A-77CE3AC85A30}.Release|x64.ActiveCfg = Release|Any CPU
		{962BC50D-280B-418B-AF5A-77CE3AC85A30}.Release|x64.Build.0 = Release|Any CPU
		{962BC50D-280B-418B-AF5A-77CE3AC85A30}.Release|x86.ActiveCfg = Release|Any CPU
		{962BC50D-280B-418B-AF5A-77CE3AC85A30}.Release|x86.Build.0 = Release|Any CPU
	EndGlobalSection
	GlobalSection(SolutionProperties) = preSolution
		HideSolutionNode = FALSE
	EndGlobalSection
	GlobalSection(NestedProjects) = preSolution
		{42589071-C9E4-47E4-B7E7-7B371DF797B1} = {827E0CD3-B72D-47B6-A68D-7590B98EB39B}
		{4FAA43CF-8E18-4B1C-A242-0B7D046E6CBD} = {827E0CD3-B72D-47B6-A68D-7590B98EB39B}
		{0FD521E2-BED0-453E-B9F4-E784DF773D85} = {827E0CD3-B72D-47B6-A68D-7590B98EB39B}
		{962BC50D-280B-418B-AF5A-77CE3AC85A30} = {827E0CD3-B72D-47B6-A68D-7590B98EB39B}
	EndGlobalSection
	GlobalSection(ExtensibilityGlobals) = postSolution
		SolutionGuid = {08590882-5F2F-46FA-9B07-024138C47F64}
	EndGlobalSection
EndGlobal
